// !$*UTF8*$!
{
	archiveVersion = 1;
	classes = {
	};
	objectVersion = 46;
	objects = {

/* Begin PBXBuildFile section */
		04736A121330EEF20094FBF2 /* UIKit.framework in Frameworks */ = {isa = PBXBuildFile; fileRef = 04736A111330EEF20094FBF2 /* UIKit.framework */; };
		04736A141330EEF20094FBF2 /* Foundation.framework in Frameworks */ = {isa = PBXBuildFile; fileRef = 04736A131330EEF20094FBF2 /* Foundation.framework */; };
		04736A161330EEF20094FBF2 /* CoreGraphics.framework in Frameworks */ = {isa = PBXBuildFile; fileRef = 04736A151330EEF20094FBF2 /* CoreGraphics.framework */; };
		04736A181330EEF20094FBF2 /* CoreData.framework in Frameworks */ = {isa = PBXBuildFile; fileRef = 04736A171330EEF20094FBF2 /* CoreData.framework */; };
		04736A1E1330EEF20094FBF2 /* InfoPlist.strings in Resources */ = {isa = PBXBuildFile; fileRef = 04736A1C1330EEF20094FBF2 /* InfoPlist.strings */; };
		04736A211330EEF20094FBF2 /* main.m in Sources */ = {isa = PBXBuildFile; fileRef = 04736A201330EEF20094FBF2 /* main.m */; };
		04736A241330EEF20094FBF2 /* FlashCardsAppDelegate.m in Sources */ = {isa = PBXBuildFile; fileRef = 04736A231330EEF20094FBF2 /* FlashCardsAppDelegate.m */; };
		04736A271330EEF30094FBF2 /* FlashCards.xcdatamodeld in Sources */ = {isa = PBXBuildFile; fileRef = 04736A251330EEF30094FBF2 /* FlashCards.xcdatamodeld */; };
		04736A2A1330EEF30094FBF2 /* MainWindow.xib in Resources */ = {isa = PBXBuildFile; fileRef = 04736A281330EEF30094FBF2 /* MainWindow.xib */; };
		04736A2D1330EEF30094FBF2 /* RootViewController.m in Sources */ = {isa = PBXBuildFile; fileRef = 04736A2C1330EEF30094FBF2 /* RootViewController.m */; };
		04736A301330EEF30094FBF2 /* RootViewController.xib in Resources */ = {isa = PBXBuildFile; fileRef = 04736A2E1330EEF30094FBF2 /* RootViewController.xib */; };
/* End PBXBuildFile section */

/* Begin PBXFileReference section */
		04736A0D1330EEF20094FBF2 /* FlashCards.app */ = {isa = PBXFileReference; explicitFileType = wrapper.application; includeInIndex = 0; path = FlashCards.app; sourceTree = BUILT_PRODUCTS_DIR; };
		04736A111330EEF20094FBF2 /* UIKit.framework */ = {isa = PBXFileReference; lastKnownFileType = wrapper.framework; name = UIKit.framework; path = System/Library/Frameworks/UIKit.framework; sourceTree = SDKROOT; };
		04736A131330EEF20094FBF2 /* Foundation.framework */ = {isa = PBXFileReference; lastKnownFileType = wrapper.framework; name = Foundation.framework; path = System/Library/Frameworks/Foundation.framework; sourceTree = SDKROOT; };
		04736A151330EEF20094FBF2 /* CoreGraphics.framework */ = {isa = PBXFileReference; lastKnownFileType = wrapper.framework; name = CoreGraphics.framework; path = System/Library/Frameworks/CoreGraphics.framework; sourceTree = SDKROOT; };
		04736A171330EEF20094FBF2 /* CoreData.framework */ = {isa = PBXFileReference; lastKnownFileType = wrapper.framework; name = CoreData.framework; path = System/Library/Frameworks/CoreData.framework; sourceTree = SDKROOT; };
		04736A1B1330EEF20094FBF2 /* FlashCards-Info.plist */ = {isa = PBXFileReference; lastKnownFileType = text.plist.xml; path = "FlashCards-Info.plist"; sourceTree = "<group>"; };
		04736A1D1330EEF20094FBF2 /* en */ = {isa = PBXFileReference; lastKnownFileType = text.plist.strings; name = en; path = en.lproj/InfoPlist.strings; sourceTree = "<group>"; };
		04736A1F1330EEF20094FBF2 /* FlashCards-Prefix.pch */ = {isa = PBXFileReference; lastKnownFileType = sourcecode.c.h; path = "FlashCards-Prefix.pch"; sourceTree = "<group>"; };
		04736A201330EEF20094FBF2 /* main.m */ = {isa = PBXFileReference; lastKnownFileType = sourcecode.c.objc; path = main.m; sourceTree = "<group>"; };
		04736A221330EEF20094FBF2 /* FlashCardsAppDelegate.h */ = {isa = PBXFileReference; lastKnownFileType = sourcecode.c.h; path = FlashCardsAppDelegate.h; sourceTree = "<group>"; };
		04736A231330EEF20094FBF2 /* FlashCardsAppDelegate.m */ = {isa = PBXFileReference; lastKnownFileType = sourcecode.c.objc; path = FlashCardsAppDelegate.m; sourceTree = "<group>"; };
		04736A261330EEF30094FBF2 /* FlashCards.xcdatamodel */ = {isa = PBXFileReference; lastKnownFileType = wrapper.xcdatamodel; path = FlashCards.xcdatamodel; sourceTree = "<group>"; };
		04736A291330EEF30094FBF2 /* en */ = {isa = PBXFileReference; lastKnownFileType = file.xib; name = en; path = en.lproj/MainWindow.xib; sourceTree = "<group>"; };
		04736A2B1330EEF30094FBF2 /* RootViewController.h */ = {isa = PBXFileReference; lastKnownFileType = sourcecode.c.h; path = RootViewController.h; sourceTree = "<group>"; };
		04736A2C1330EEF30094FBF2 /* RootViewController.m */ = {isa = PBXFileReference; lastKnownFileType = sourcecode.c.objc; path = RootViewController.m; sourceTree = "<group>"; };
		04736A2F1330EEF30094FBF2 /* en */ = {isa = PBXFileReference; lastKnownFileType = file.xib; name = en; path = en.lproj/RootViewController.xib; sourceTree = "<group>"; };
/* End PBXFileReference section */

/* Begin PBXFrameworksBuildPhase section */
		04736A0A1330EEF20094FBF2 /* Frameworks */ = {
			isa = PBXFrameworksBuildPhase;
			buildActionMask = 2147483647;
			files = (
				04736A121330EEF20094FBF2 /* UIKit.framework in Frameworks */,
				04736A141330EEF20094FBF2 /* Foundation.framework in Frameworks */,
				04736A161330EEF20094FBF2 /* CoreGraphics.framework in Frameworks */,
				04736A181330EEF20094FBF2 /* CoreData.framework in Frameworks */,
			);
			runOnlyForDeploymentPostprocessing = 0;
		};
/* End PBXFrameworksBuildPhase section */

/* Begin PBXGroup section */
		04736A021330EEF10094FBF2 = {
			isa = PBXGroup;
			children = (
				04736A191330EEF20094FBF2 /* FlashCards */,
				04736A101330EEF20094FBF2 /* Frameworks */,
				04736A0E1330EEF20094FBF2 /* Products */,
			);
			sourceTree = "<group>";
		};
		04736A0E1330EEF20094FBF2 /* Products */ = {
			isa = PBXGroup;
			children = (
				04736A0D1330EEF20094FBF2 /* FlashCards.app */,
			);
			name = Products;
			sourceTree = "<group>";
		};
		04736A101330EEF20094FBF2 /* Frameworks */ = {
			isa = PBXGroup;
			children = (
				04736A111330EEF20094FBF2 /* UIKit.framework */,
				04736A131330EEF20094FBF2 /* Foundation.framework */,
				04736A151330EEF20094FBF2 /* CoreGraphics.framework */,
				04736A171330EEF20094FBF2 /* CoreData.framework */,
			);
			name = Frameworks;
			sourceTree = "<group>";
		};
		04736A191330EEF20094FBF2 /* FlashCards */ = {
			isa = PBXGroup;
			children = (
				04736A221330EEF20094FBF2 /* FlashCardsAppDelegate.h */,
				04736A231330EEF20094FBF2 /* FlashCardsAppDelegate.m */,
				04736A281330EEF30094FBF2 /* MainWindow.xib */,
				04736A2B1330EEF30094FBF2 /* RootViewController.h */,
				04736A2C1330EEF30094FBF2 /* RootViewController.m */,
				04736A2E1330EEF30094FBF2 /* RootViewController.xib */,
				04736A251330EEF30094FBF2 /* FlashCards.xcdatamodeld */,
				04736A1A1330EEF20094FBF2 /* Supporting Files */,
			);
			path = FlashCards;
			sourceTree = "<group>";
		};
		04736A1A1330EEF20094FBF2 /* Supporting Files */ = {
			isa = PBXGroup;
			children = (
				04736A1B1330EEF20094FBF2 /* FlashCards-Info.plist */,
				04736A1C1330EEF20094FBF2 /* InfoPlist.strings */,
				04736A1F1330EEF20094FBF2 /* FlashCards-Prefix.pch */,
				04736A201330EEF20094FBF2 /* main.m */,
			);
			name = "Supporting Files";
			sourceTree = "<group>";
		};
/* End PBXGroup section */

/* Begin PBXNativeTarget section */
		04736A0C1330EEF20094FBF2 /* FlashCards */ = {
			isa = PBXNativeTarget;
			buildConfigurationList = 04736A331330EEF30094FBF2 /* Build configuration list for PBXNativeTarget "FlashCards" */;
			buildPhases = (
				04736A091330EEF20094FBF2 /* Sources */,
				04736A0A1330EEF20094FBF2 /* Frameworks */,
				04736A0B1330EEF20094FBF2 /* Resources */,
			);
			buildRules = (
			);
			dependencies = (
			);
			name = FlashCards;
			productName = FlashCards;
			productReference = 04736A0D1330EEF20094FBF2 /* FlashCards.app */;
			productType = "com.apple.product-type.application";
		};
/* End PBXNativeTarget section */

/* Begin PBXProject section */
		04736A041330EEF10094FBF2 /* Project object */ = {
			isa = PBXProject;
			buildConfigurationList = 04736A071330EEF10094FBF2 /* Build configuration list for PBXProject "FlashCards" */;
			compatibilityVersion = "Xcode 3.2";
			developmentRegion = English;
			hasScannedForEncodings = 0;
			knownRegions = (
				en,
			);
			mainGroup = 04736A021330EEF10094FBF2;
			productRefGroup = 04736A0E1330EEF20094FBF2 /* Products */;
			projectDirPath = "";
			projectRoot = "";
			targets = (
				04736A0C1330EEF20094FBF2 /* FlashCards */,
			);
		};
/* End PBXProject section */

/* Begin PBXResourcesBuildPhase section */
		04736A0B1330EEF20094FBF2 /* Resources */ = {
			isa = PBXResourcesBuildPhase;
			buildActionMask = 2147483647;
			files = (
				04736A1E1330EEF20094FBF2 /* InfoPlist.strings in Resources */,
				04736A2A1330EEF30094FBF2 /* MainWindow.xib in Resources */,
				04736A301330EEF30094FBF2 /* RootViewController.xib in Resources */,
			);
			runOnlyForDeploymentPostprocessing = 0;
		};
/* End PBXResourcesBuildPhase section */

/* Begin PBXSourcesBuildPhase section */
		04736A091330EEF20094FBF2 /* Sources */ = {
			isa = PBXSourcesBuildPhase;
			buildActionMask = 2147483647;
			files = (
				04736A211330EEF20094FBF2 /* main.m in Sources */,
				04736A241330EEF20094FBF2 /* FlashCardsAppDelegate.m in Sources */,
				04736A271330EEF30094FBF2 /* FlashCards.xcdatamodeld in Sources */,
				04736A2D1330EEF30094FBF2 /* RootViewController.m in Sources */,
			);
			runOnlyForDeploymentPostprocessing = 0;
		};
/* End PBXSourcesBuildPhase section */

/* Begin PBXVariantGroup section */
		04736A1C1330EEF20094FBF2 /* InfoPlist.strings */ = {
			isa = PBXVariantGroup;
			children = (
				04736A1D1330EEF20094FBF2 /* en */,
			);
			name = InfoPlist.strings;
			sourceTree = "<group>";
		};
		04736A281330EEF30094FBF2 /* MainWindow.xib */ = {
			isa = PBXVariantGroup;
			children = (
				04736A291330EEF30094FBF2 /* en */,
			);
			name = MainWindow.xib;
			sourceTree = "<group>";
		};
		04736A2E1330EEF30094FBF2 /* RootViewController.xib */ = {
			isa = PBXVariantGroup;
			children = (
				04736A2F1330EEF30094FBF2 /* en */,
			);
			name = RootViewController.xib;
			sourceTree = "<group>";
		};
/* End PBXVariantGroup section */

/* Begin XCBuildConfiguration section */
		04736A311330EEF30094FBF2 /* Debug */ = {
			isa = XCBuildConfiguration;
			buildSettings = {
				ARCHS = "$(ARCHS_STANDARD_32_BIT)";
				"CODE_SIGN_IDENTITY[sdk=iphoneos*]" = "iPhone Developer";
				GCC_C_LANGUAGE_STANDARD = gnu99;
				GCC_OPTIMIZATION_LEVEL = 0;
				GCC_PREPROCESSOR_DEFINITIONS = DEBUG;
				GCC_SYMBOLS_PRIVATE_EXTERN = NO;
				GCC_VERSION = com.apple.compilers.llvmgcc42;
				GCC_WARN_ABOUT_RETURN_TYPE = YES;
				GCC_WARN_UNUSED_VARIABLE = YES;
				IPHONEOS_DEPLOYMENT_TARGET = 4.3;
				SDKROOT = iphoneos;
			};
			name = Debug;
		};
		04736A321330EEF30094FBF2 /* Release */ = {
			isa = XCBuildConfiguration;
			buildSettings = {
				ARCHS = "$(ARCHS_STANDARD_32_BIT)";
				"CODE_SIGN_IDENTITY[sdk=iphoneos*]" = "iPhone Developer";
				GCC_C_LANGUAGE_STANDARD = gnu99;
				GCC_VERSION = com.apple.compilers.llvmgcc42;
				GCC_WARN_ABOUT_RETURN_TYPE = YES;
				GCC_WARN_UNUSED_VARIABLE = YES;
				IPHONEOS_DEPLOYMENT_TARGET = 4.3;
				OTHER_CFLAGS = "-DNS_BLOCK_ASSERTIONS=1";
				SDKROOT = iphoneos;
			};
			name = Release;
		};
		04736A341330EEF30094FBF2 /* Debug */ = {
			isa = XCBuildConfiguration;
			buildSettings = {
				ALWAYS_SEARCH_USER_PATHS = NO;
				COPY_PHASE_STRIP = NO;
				GCC_DYNAMIC_NO_PIC = NO;
				GCC_PRECOMPILE_PREFIX_HEADER = YES;
				GCC_PREFIX_HEADER = "FlashCards/FlashCards-Prefix.pch";
				INFOPLIST_FILE = "FlashCards/FlashCards-Info.plist";
				IPHONEOS_DEPLOYMENT_TARGET = 4.3;
				PRODUCT_NAME = "$(TARGET_NAME)";
				TARGETED_DEVICE_FAMILY = 1;
				WRAPPER_EXTENSION = app;
			};
			name = Debug;
		};
		04736A351330EEF30094FBF2 /* Release */ = {
			isa = XCBuildConfiguration;
			buildSettings = {
				ALWAYS_SEARCH_USER_PATHS = NO;
				COPY_PHASE_STRIP = YES;
				GCC_PRECOMPILE_PREFIX_HEADER = YES;
				GCC_PREFIX_HEADER = "FlashCards/FlashCards-Prefix.pch";
				INFOPLIST_FILE = "FlashCards/FlashCards-Info.plist";
				IPHONEOS_DEPLOYMENT_TARGET = 4.3;
				PRODUCT_NAME = "$(TARGET_NAME)";
				TARGETED_DEVICE_FAMILY = 1;
				VALIDATE_PRODUCT = YES;
				WRAPPER_EXTENSION = app;
			};
			name = Release;
		};
/* End XCBuildConfiguration section */

/* Begin XCConfigurationList section */
		04736A071330EEF10094FBF2 /* Build configuration list for PBXProject "FlashCards" */ = {
			isa = XCConfigurationList;
			buildConfigurations = (
				04736A311330EEF30094FBF2 /* Debug */,
				04736A321330EEF30094FBF2 /* Release */,
			);
			defaultConfigurationIsVisible = 0;
			defaultConfigurationName = Release;
		};
		04736A331330EEF30094FBF2 /* Build configuration list for PBXNativeTarget "FlashCards" */ = {
			isa = XCConfigurationList;
			buildConfigurations = (
				04736A341330EEF30094FBF2 /* Debug */,
				04736A351330EEF30094FBF2 /* Release */,
			);
			defaultConfigurationIsVisible = 0;
		};
/* End XCConfigurationList section */

/* Begin XCVersionGroup section */
		04736A251330EEF30094FBF2 /* FlashCards.xcdatamodeld */ = {
			isa = XCVersionGroup;
			children = (
				04736A261330EEF30094FBF2 /* FlashCards.xcdatamodel */,
			);
			currentVersion = 04736A261330EEF30094FBF2 /* FlashCards.xcdatamodel */;
			path = FlashCards.xcdatamodeld;
			sourceTree = "<group>";
			versionGroupType = wrapper.xcdatamodel;
		};
/* End XCVersionGroup section */
	};
	rootObject = 04736A041330EEF10094FBF2 /* Project object */;
}
